
Microsoft Visual Studio Solution File, Format Version 12.00
# Visual Studio Version 16
VisualStudioVersion = 16.0.29613.14
MinimumVisualStudioVersion = 10.0.40219.1
Project("{FAE04EC0-301F-11D3-BF4B-00C04F79EFBC}") = "InternalTradeMarket", "InternalTradeMarket\InternalTradeMarket.csproj", "{49B8BBEC-1B77-4C41-B0EC-BF64506CD5D5}"
EndProject
Global
	GlobalSection(SolutionConfigurationPlatforms) = preSolution
		Debug|Any CPU = Debug|Any CPU
		Release|Any CPU = Release|Any CPU
	EndGlobalSection
	GlobalSection(ProjectConfigurationPlatforms) = postSolution
		{49B8BBEC-1B77-4C41-B0EC-BF64506CD5D5}.Debug|Any CPU.ActiveCfg = Debug|Any CPU
		{49B8BBEC-1B77-4C41-B0EC-BF64506CD5D5}.Debug|Any CPU.Build.0 = Debug|Any CPU
		{49B8BBEC-1B77-4C41-B0EC-BF64506CD5D5}.Release|Any CPU.ActiveCfg = Release|Any CPU
		{49B8BBEC-1B77-4C41-B0EC-BF64506CD5D5}.Release|Any CPU.Build.0 = Release|Any CPU
	EndGlobalSection
	GlobalSection(SolutionProperties) = preSolution
		HideSolutionNode = FALSE
	EndGlobalSection
	GlobalSection(ExtensibilityGlobals) = postSolution
		SolutionGuid = {DF354FD2-DC17-44DF-BC5F-69DAE1B1DC48}
	EndGlobalSection
EndGlobal
